
Microsoft Visual Studio Solution File, Format Version 12.00
# Visual Studio Version 16
VisualStudioVersion = 16.0.31313.79
MinimumVisualStudioVersion = 10.0.40219.1
Project("{FAE04EC0-301F-11D3-BF4B-00C04F79EFBC}") = "fyaazLab2", "fyaazLab2\fyaazLab2.csproj", "{32B6EA22-BBFF-4556-B913-3D32B0C71DF6}"
EndProject
Global
	GlobalSection(SolutionConfigurationPlatforms) = preSolution
		Debug|Any CPU = Debug|Any CPU
		Release|Any CPU = Release|Any CPU
	EndGlobalSection
	GlobalSection(ProjectConfigurationPlatforms) = postSolution
		{32B6EA22-BBFF-4556-B913-3D32B0C71DF6}.Debug|Any CPU.ActiveCfg = Debug|Any CPU
		{32B6EA22-BBFF-4556-B913-3D32B0C71DF6}.Debug|Any CPU.Build.0 = Debug|Any CPU
		{32B6EA22-BBFF-4556-B913-3D32B0C71DF6}.Release|Any CPU.ActiveCfg = Release|Any CPU
		{32B6EA22-BBFF-4556-B913-3D32B0C71DF6}.Release|Any CPU.Build.0 = Release|Any CPU
	EndGlobalSection
	GlobalSection(SolutionProperties) = preSolution
		HideSolutionNode = FALSE
	EndGlobalSection
	GlobalSection(ExtensibilityGlobals) = postSolution
		SolutionGuid = {8308FC49-7E75-4F4A-B834-597C1109B1F7}
	EndGlobalSection
EndGlobal
